
Microsoft Visual Studio Solution File, Format Version 12.00
# Visual Studio Version 17
VisualStudioVersion = 17.5.33502.453
MinimumVisualStudioVersion = 10.0.40219.1
Project("{FAE04EC0-301F-11D3-BF4B-00C04F79EFBC}") = "TKD.TaskSQL.1", "TKD.TaskSQL.1\TKD.TaskSQL.1.csproj", "{8B4B055C-4B62-4E64-B36A-96FC91018207}"
EndProject
Global
	GlobalSection(SolutionConfigurationPlatforms) = preSolution
		Debug|Any CPU = Debug|Any CPU
		Release|Any CPU = Release|Any CPU
	EndGlobalSection
	GlobalSection(ProjectConfigurationPlatforms) = postSolution
		{8B4B055C-4B62-4E64-B36A-96FC91018207}.Debug|Any CPU.ActiveCfg = Debug|Any CPU
		{8B4B055C-4B62-4E64-B36A-96FC91018207}.Debug|Any CPU.Build.0 = Debug|Any CPU
		{8B4B055C-4B62-4E64-B36A-96FC91018207}.Release|Any CPU.ActiveCfg = Release|Any CPU
		{8B4B055C-4B62-4E64-B36A-96FC91018207}.Release|Any CPU.Build.0 = Release|Any CPU
	EndGlobalSection
	GlobalSection(SolutionProperties) = preSolution
		HideSolutionNode = FALSE
	EndGlobalSection
	GlobalSection(ExtensibilityGlobals) = postSolution
		SolutionGuid = {F1E26CF4-A087-47A6-9384-5BD200EC5334}
	EndGlobalSection
EndGlobal
